
Microsoft Visual Studio Solution File, Format Version 12.00
# Visual Studio Version 17
VisualStudioVersion = 17.8.34316.72
MinimumVisualStudioVersion = 10.0.40219.1
Project("{9A19103F-16F7-4668-BE54-9A1E7A4F7556}") = "CustomerManagementSystem.WebAPI", "Customer_Management_System_API\CustomerManagementSystem.WebAPI.csproj", "{EB576A16-3F82-4FDF-8691-5C69133CA601}"
EndProject
Project("{9A19103F-16F7-4668-BE54-9A1E7A4F7556}") = "Customer_Management_System_Library", "Customer_Management_System_Library\Customer_Management_System_Library.csproj", "{CAB2E849-E1A2-43C0-8CB1-412657B273D2}"
EndProject
Project("{FAE04EC0-301F-11D3-BF4B-00C04F79EFBC}") = "CustomerManagementSystem.Domain", "CustomerManagementSystem.Domain\CustomerManagementSystem.Domain.csproj", "{ACB982A3-5FD9-4B80-9A09-17858DBB61E0}"
EndProject
Project("{FAE04EC0-301F-11D3-BF4B-00C04F79EFBC}") = "CustomerManagementSystem.BusinessLogic", "CustomerManagementSystem.BusinessLogic\CustomerManagementSystem.BusinessLogic.csproj", "{9448C51C-EED7-4F85-AEFF-501CBB9CB8C8}"
EndProject
Project("{FAE04EC0-301F-11D3-BF4B-00C04F79EFBC}") = "CustomerManagementSystem.DataAccess", "CustomerManagementSystem.DataAccess\CustomerManagementSystem.DataAccess.csproj", "{24534DC1-E94C-48BC-8A4F-4BD15C72162C}"
EndProject
Global
	GlobalSection(SolutionConfigurationPlatforms) = preSolution
		Debug|Any CPU = Debug|Any CPU
		Release|Any CPU = Release|Any CPU
	EndGlobalSection
	GlobalSection(ProjectConfigurationPlatforms) = postSolution
		{EB576A16-3F82-4FDF-8691-5C69133CA601}.Debug|Any CPU.ActiveCfg = Debug|Any CPU
		{EB576A16-3F82-4FDF-8691-5C69133CA601}.Debug|Any CPU.Build.0 = Debug|Any CPU
		{EB576A16-3F82-4FDF-8691-5C69133CA601}.Release|Any CPU.ActiveCfg = Release|Any CPU
		{EB576A16-3F82-4FDF-8691-5C69133CA601}.Release|Any CPU.Build.0 = Release|Any CPU
		{CAB2E849-E1A2-43C0-8CB1-412657B273D2}.Debug|Any CPU.ActiveCfg = Debug|Any CPU
		{CAB2E849-E1A2-43C0-8CB1-412657B273D2}.Debug|Any CPU.Build.0 = Debug|Any CPU
		{CAB2E849-E1A2-43C0-8CB1-412657B273D2}.Release|Any CPU.ActiveCfg = Release|Any CPU
		{CAB2E849-E1A2-43C0-8CB1-412657B273D2}.Release|Any CPU.Build.0 = Release|Any CPU
		{ACB982A3-5FD9-4B80-9A09-17858DBB61E0}.Debug|Any CPU.ActiveCfg = Debug|Any CPU
		{ACB982A3-5FD9-4B80-9A09-17858DBB61E0}.Debug|Any CPU.Build.0 = Debug|Any CPU
		{ACB982A3-5FD9-4B80-9A09-17858DBB61E0}.Release|Any CPU.ActiveCfg = Release|Any CPU
		{ACB982A3-5FD9-4B80-9A09-17858DBB61E0}.Release|Any CPU.Build.0 = Release|Any CPU
		{9448C51C-EED7-4F85-AEFF-501CBB9CB8C8}.Debug|Any CPU.ActiveCfg = Debug|Any CPU
		{9448C51C-EED7-4F85-AEFF-501CBB9CB8C8}.Debug|Any CPU.Build.0 = Debug|Any CPU
		{9448C51C-EED7-4F85-AEFF-501CBB9CB8C8}.Release|Any CPU.ActiveCfg = Release|Any CPU
		{9448C51C-EED7-4F85-AEFF-501CBB9CB8C8}.Release|Any CPU.Build.0 = Release|Any CPU
		{24534DC1-E94C-48BC-8A4F-4BD15C72162C}.Debug|Any CPU.ActiveCfg = Debug|Any CPU
		{24534DC1-E94C-48BC-8A4F-4BD15C72162C}.Debug|Any CPU.Build.0 = Debug|Any CPU
		{24534DC1-E94C-48BC-8A4F-4BD15C72162C}.Release|Any CPU.ActiveCfg = Release|Any CPU
		{24534DC1-E94C-48BC-8A4F-4BD15C72162C}.Release|Any CPU.Build.0 = Release|Any CPU
	EndGlobalSection
	GlobalSection(SolutionProperties) = preSolution
		HideSolutionNode = FALSE
	EndGlobalSection
	GlobalSection(ExtensibilityGlobals) = postSolution
		SolutionGuid = {47947846-8C26-42F7-8BA9-9DB30442629E}
	EndGlobalSection
	GlobalSection(MonoDevelopProperties) = preSolution
		Policies = $0
		$0.DotNetNamingPolicy = $1
		$1.DirectoryNamespaceAssociation = PrefixedHierarchical
		$0.TextStylePolicy = $5
		$2.FileWidth = 80
		$2.TabsToSpaces = True
		$2.scope = text/plain
		$3.FileWidth = 80
		$3.TabsToSpaces = True
		$3.scope = text/x-web
		$4.FileWidth = 80
		$4.TabsToSpaces = True
		$4.scope = text/x-vs
		$5.FileWidth = 80
		$5.TabsToSpaces = True
		$5.scope = text/x-csharp
		$0.CSharpFormattingPolicy = $6
		$6.scope = text/x-csharp
	EndGlobalSection
EndGlobal
