
Microsoft Visual Studio Solution File, Format Version 12.00
# Visual Studio Version 17
VisualStudioVersion = 17.5.002.0
MinimumVisualStudioVersion = 10.0.40219.1
Project("{9A19103F-16F7-4668-BE54-9A1E7A4F7556}") = "Customer_Management_System_API", "Customer_Management_System_API.csproj", "{D450E3CA-3BBA-4445-888E-86A0315F9812}"
EndProject
Global
	GlobalSection(SolutionConfigurationPlatforms) = preSolution
		Debug|Any CPU = Debug|Any CPU
		Release|Any CPU = Release|Any CPU
	EndGlobalSection
	GlobalSection(ProjectConfigurationPlatforms) = postSolution
		{D450E3CA-3BBA-4445-888E-86A0315F9812}.Debug|Any CPU.ActiveCfg = Debug|Any CPU
		{D450E3CA-3BBA-4445-888E-86A0315F9812}.Debug|Any CPU.Build.0 = Debug|Any CPU
		{D450E3CA-3BBA-4445-888E-86A0315F9812}.Release|Any CPU.ActiveCfg = Release|Any CPU
		{D450E3CA-3BBA-4445-888E-86A0315F9812}.Release|Any CPU.Build.0 = Release|Any CPU
	EndGlobalSection
	GlobalSection(SolutionProperties) = preSolution
		HideSolutionNode = FALSE
	EndGlobalSection
	GlobalSection(ExtensibilityGlobals) = postSolution
		SolutionGuid = {22BEDB47-8818-4EE6-84E1-BBDDB0390CA6}
	EndGlobalSection
EndGlobal
